<?xml version="1.0" encoding="utf-8"?>
<Project ToolsVersion="4.0" xmlns="http://schemas.microsoft.com/developer/msbuild/2003">
  <ItemGroup>
    <Filter Include="Source">
      <UniqueIdentifier>{53593fd2-9fb3-44ae-8867-bfdf80a83d67}</UniqueIdentifier>
    </Filter>
  </ItemGroup>
  <ItemGroup>
    <None Include="..\scripts\makedoc.pl">
      <Filter>Source</Filter>
    </None>
  </ItemGroup>
  <ItemGroup>
    <Text Include="..\doc\ReadMe.txt">
      <Filter>Source</Filter>
    </Text>
  </ItemGroup>
  <ItemGroup>
    <CustomBuild Include="..\src\commands.cpp">
      <Filter>Source</Filter>
    </CustomBuild>
  </ItemGroup>
</Project>